// !$*UTF8*$!
{
	archiveVersion = 1;
	classes = {
	};
	objectVersion = 50;
	objects = {

/* Begin PBXBuildFile section */
		000DAD832125C4B20073D3A0 /* Localization.swift in Sources */ = {isa = PBXBuildFile; fileRef = 000DAD822125C4B20073D3A0 /* Localization.swift */; };
		000DAD852125C51E0073D3A0 /* Localizable.strings in Resources */ = {isa = PBXBuildFile; fileRef = 000DAD842125C51E0073D3A0 /* Localizable.strings */; };
		000DAD882126473A0073D3A0 /* SearchResultItem.swift in Sources */ = {isa = PBXBuildFile; fileRef = 000DAD872126473A0073D3A0 /* SearchResultItem.swift */; };
		000DAD8B212647E70073D3A0 /* SearchResultsCellItemConvertor.swift in Sources */ = {isa = PBXBuildFile; fileRef = 000DAD8A212647E70073D3A0 /* SearchResultsCellItemConvertor.swift */; };
		00668E10211FD71D009DE8A2 /* SearchTableViewController.swift in Sources */ = {isa = PBXBuildFile; fileRef = 00668E0F211FD71D009DE8A2 /* SearchTableViewController.swift */; };
		00668E13211FD908009DE8A2 /* SearchContract.swift in Sources */ = {isa = PBXBuildFile; fileRef = 00668E12211FD908009DE8A2 /* SearchContract.swift */; };
		00668E16211FD95E009DE8A2 /* BasePresenterImpl.swift in Sources */ = {isa = PBXBuildFile; fileRef = 00668E15211FD95E009DE8A2 /* BasePresenterImpl.swift */; };
		00668E18211FD9AF009DE8A2 /* BaseContract.swift in Sources */ = {isa = PBXBuildFile; fileRef = 00668E17211FD9AF009DE8A2 /* BaseContract.swift */; };
		00668E1A211FDA3F009DE8A2 /* SearchPresenterImpl.swift in Sources */ = {isa = PBXBuildFile; fileRef = 00668E19211FDA3F009DE8A2 /* SearchPresenterImpl.swift */; };
		00668E1D211FE68D009DE8A2 /* SearchResultTableViewCell.swift in Sources */ = {isa = PBXBuildFile; fileRef = 00668E1C211FE68D009DE8A2 /* SearchResultTableViewCell.swift */; };
		00668E20212316D8009DE8A2 /* Main.storyboard in Resources */ = {isa = PBXBuildFile; fileRef = 00668E1F212316D8009DE8A2 /* Main.storyboard */; };
		00668E232123173B009DE8A2 /* RedirectViewController.swift in Sources */ = {isa = PBXBuildFile; fileRef = 00668E222123173B009DE8A2 /* RedirectViewController.swift */; };
		00668E2521231796009DE8A2 /* RedirectContract.swift in Sources */ = {isa = PBXBuildFile; fileRef = 00668E2421231796009DE8A2 /* RedirectContract.swift */; };
		00668E29212317E0009DE8A2 /* RedirectPresenterImpl.swift in Sources */ = {isa = PBXBuildFile; fileRef = 00668E28212317E0009DE8A2 /* RedirectPresenterImpl.swift */; };
		00668E2B21231854009DE8A2 /* ConfigurationRouter.swift in Sources */ = {isa = PBXBuildFile; fileRef = 00668E2A21231854009DE8A2 /* ConfigurationRouter.swift */; };
		00668E2D212318DF009DE8A2 /* ConfigurationDataProvider.swift in Sources */ = {isa = PBXBuildFile; fileRef = 00668E2C212318DF009DE8A2 /* ConfigurationDataProvider.swift */; };
		00668E2F212319B8009DE8A2 /* APIConfiguration.swift in Sources */ = {isa = PBXBuildFile; fileRef = 00668E2E212319B8009DE8A2 /* APIConfiguration.swift */; };
		00668E31212319F5009DE8A2 /* ImageConfig.swift in Sources */ = {isa = PBXBuildFile; fileRef = 00668E30212319F5009DE8A2 /* ImageConfig.swift */; };
		00668E3B21232A4E009DE8A2 /* LocalDataStore.swift in Sources */ = {isa = PBXBuildFile; fileRef = 00668E3A21232A4E009DE8A2 /* LocalDataStore.swift */; };
		00668E3E21232C34009DE8A2 /* URL+ImageLoader.swift in Sources */ = {isa = PBXBuildFile; fileRef = 00668E3D21232C34009DE8A2 /* URL+ImageLoader.swift */; };
		00668E4121232C70009DE8A2 /* ImageQuality.swift in Sources */ = {isa = PBXBuildFile; fileRef = 00668E4021232C70009DE8A2 /* ImageQuality.swift */; };
		00668E4421245484009DE8A2 /* MovieDetailsTableViewController.swift in Sources */ = {isa = PBXBuildFile; fileRef = 00668E4321245484009DE8A2 /* MovieDetailsTableViewController.swift */; };
		00668E462124549D009DE8A2 /* MovieDetailsContract.swift in Sources */ = {isa = PBXBuildFile; fileRef = 00668E452124549D009DE8A2 /* MovieDetailsContract.swift */; };
		00668E48212454BE009DE8A2 /* MovieDetailsPresenterImpl.swift in Sources */ = {isa = PBXBuildFile; fileRef = 00668E47212454BE009DE8A2 /* MovieDetailsPresenterImpl.swift */; };
		00668E4B212455C5009DE8A2 /* MoviesRouter.swift in Sources */ = {isa = PBXBuildFile; fileRef = 00668E4A212455C5009DE8A2 /* MoviesRouter.swift */; };
		00850E5F211CF6B200A16FA4 /* AppDelegate.swift in Sources */ = {isa = PBXBuildFile; fileRef = 00850E5E211CF6B200A16FA4 /* AppDelegate.swift */; };
		00850E64211CF6B200A16FA4 /* Root.storyboard in Resources */ = {isa = PBXBuildFile; fileRef = 00850E62211CF6B200A16FA4 /* Root.storyboard */; };
		00850E66211CF6B300A16FA4 /* Assets.xcassets in Resources */ = {isa = PBXBuildFile; fileRef = 00850E65211CF6B300A16FA4 /* Assets.xcassets */; };
		00850E69211CF6B300A16FA4 /* LaunchScreen.storyboard in Resources */ = {isa = PBXBuildFile; fileRef = 00850E67211CF6B300A16FA4 /* LaunchScreen.storyboard */; };
		00850E87211E324300A16FA4 /* DataProvider.swift in Sources */ = {isa = PBXBuildFile; fileRef = 00850E82211E324300A16FA4 /* DataProvider.swift */; };
		00850E88211E324300A16FA4 /* CacheRequests.swift in Sources */ = {isa = PBXBuildFile; fileRef = 00850E83211E324300A16FA4 /* CacheRequests.swift */; };
		00850E89211E324300A16FA4 /* ApiRouterProtocol.swift in Sources */ = {isa = PBXBuildFile; fileRef = 00850E85211E324300A16FA4 /* ApiRouterProtocol.swift */; };
		00850E8C211E362600A16FA4 /* SearchRouter.swift in Sources */ = {isa = PBXBuildFile; fileRef = 00850E8B211E362600A16FA4 /* SearchRouter.swift */; };
		00850E8E211E3AB400A16FA4 /* SearchDataProvider.swift in Sources */ = {isa = PBXBuildFile; fileRef = 00850E8D211E3AB400A16FA4 /* SearchDataProvider.swift */; };
		00850E91211E3AEE00A16FA4 /* Movie.swift in Sources */ = {isa = PBXBuildFile; fileRef = 00850E90211E3AEE00A16FA4 /* Movie.swift */; };
		00850E93211E3E4200A16FA4 /* SearchResult.swift in Sources */ = {isa = PBXBuildFile; fileRef = 00850E92211E3E4200A16FA4 /* SearchResult.swift */; };
		00850E96211E419F00A16FA4 /* Constants.swift in Sources */ = {isa = PBXBuildFile; fileRef = 00850E95211E419F00A16FA4 /* Constants.swift */; };
		009854F22125AFAF00077991 /* TableViewCellItem.swift in Sources */ = {isa = PBXBuildFile; fileRef = 009854F12125AFAF00077991 /* TableViewCellItem.swift */; };
		009854F52125B25A00077991 /* UIImageView+ImageLoader.swift in Sources */ = {isa = PBXBuildFile; fileRef = 009854F42125B25A00077991 /* UIImageView+ImageLoader.swift */; };
		009854F82125B46900077991 /* MovieDetailsCellItemGenerator.swift in Sources */ = {isa = PBXBuildFile; fileRef = 009854F72125B46900077991 /* MovieDetailsCellItemGenerator.swift */; };
		009854FA2125B48000077991 /* TableViewCellItemConverter.swift in Sources */ = {isa = PBXBuildFile; fileRef = 009854F92125B48000077991 /* TableViewCellItemConverter.swift */; };
		009854FC2125B57700077991 /* TableViewSection.swift in Sources */ = {isa = PBXBuildFile; fileRef = 009854FB2125B57700077991 /* TableViewSection.swift */; };
		009854FE2125BA7800077991 /* MovieInfoDetailsItem.swift in Sources */ = {isa = PBXBuildFile; fileRef = 009854FD2125BA7800077991 /* MovieInfoDetailsItem.swift */; };
		009855002125BB1300077991 /* TextContentTableViewCell.swift in Sources */ = {isa = PBXBuildFile; fileRef = 009854FF2125BB1300077991 /* TextContentTableViewCell.swift */; };
		00E4E30A212456B90015058A /* MoviesDataProvider.swift in Sources */ = {isa = PBXBuildFile; fileRef = 00E4E309212456B90015058A /* MoviesDataProvider.swift */; };
		00E4E30C2124573E0015058A /* MovieDetails.swift in Sources */ = {isa = PBXBuildFile; fileRef = 00E4E30B2124573E0015058A /* MovieDetails.swift */; };
		00E4E313212457D30015058A /* GenreDetails.swift in Sources */ = {isa = PBXBuildFile; fileRef = 00E4E312212457D30015058A /* GenreDetails.swift */; };
		00E4E316212458260015058A /* ProductionCompany.swift in Sources */ = {isa = PBXBuildFile; fileRef = 00E4E315212458260015058A /* ProductionCompany.swift */; };
		00E4E318212458AF0015058A /* ProductionCountry.swift in Sources */ = {isa = PBXBuildFile; fileRef = 00E4E317212458AF0015058A /* ProductionCountry.swift */; };
		00E4E31A212459070015058A /* SpokenLanguage.swift in Sources */ = {isa = PBXBuildFile; fileRef = 00E4E319212459070015058A /* SpokenLanguage.swift */; };
		00E4E31D21245A340015058A /* MovieCollection.swift in Sources */ = {isa = PBXBuildFile; fileRef = 00E4E31C21245A340015058A /* MovieCollection.swift */; };
		00E4E320212469590015058A /* GeneralMovieDetailsTableViewCell.swift in Sources */ = {isa = PBXBuildFile; fileRef = 00E4E31F212469590015058A /* GeneralMovieDetailsTableViewCell.swift */; };
		00E4E32721246A700015058A /* GeneralMovieDetailsItem.swift in Sources */ = {isa = PBXBuildFile; fileRef = 00E4E32621246A700015058A /* GeneralMovieDetailsItem.swift */; };
		00E4E32921246B160015058A /* ConfigurableTableViewCell.swift in Sources */ = {isa = PBXBuildFile; fileRef = 00E4E32821246B160015058A /* ConfigurableTableViewCell.swift */; };
		8397E5EDB13E440F8A2D7557 /* Pods_ios_mvp_pattern_example.framework in Frameworks */ = {isa = PBXBuildFile; fileRef = 48C49B5B1401ADBBA3B042E6 /* Pods_ios_mvp_pattern_example.framework */; };
		D20C51352126D4A800AF4F15 /* Injector.swift in Sources */ = {isa = PBXBuildFile; fileRef = D20C51342126D4A800AF4F15 /* Injector.swift */; };
		D20C513A2126D9A000AF4F15 /* RedirectPresenterImplTests.swift in Sources */ = {isa = PBXBuildFile; fileRef = D20C51392126D9A000AF4F15 /* RedirectPresenterImplTests.swift */; };
		D20C513D2126D9E900AF4F15 /* RedirectViewMock.swift in Sources */ = {isa = PBXBuildFile; fileRef = D20C513C2126D9E900AF4F15 /* RedirectViewMock.swift */; };
		D20C51422126DAF500AF4F15 /* ConfigurationDataProviderMock.swift in Sources */ = {isa = PBXBuildFile; fileRef = D20C51412126DAF500AF4F15 /* ConfigurationDataProviderMock.swift */; };
		D20C51452126DC3500AF4F15 /* api_configuration.json in Resources */ = {isa = PBXBuildFile; fileRef = D20C51442126DC3500AF4F15 /* api_configuration.json */; };
		D20C51482126DCB000AF4F15 /* JSONLoader.swift in Sources */ = {isa = PBXBuildFile; fileRef = D20C51472126DCB000AF4F15 /* JSONLoader.swift */; };
		D20C514A2126E22400AF4F15 /* InjectorMock.swift in Sources */ = {isa = PBXBuildFile; fileRef = D20C51492126E22400AF4F15 /* InjectorMock.swift */; };
		D20C514C2126E27700AF4F15 /* RedirectViewControllerTests.swift in Sources */ = {isa = PBXBuildFile; fileRef = D20C514B2126E27700AF4F15 /* RedirectViewControllerTests.swift */; };
		D20C51522127015400AF4F15 /* SearchResultsCellItemConvertorTests.swift in Sources */ = {isa = PBXBuildFile; fileRef = D20C51512127015400AF4F15 /* SearchResultsCellItemConvertorTests.swift */; };
		D20C5154212702BD00AF4F15 /* movie.json in Resources */ = {isa = PBXBuildFile; fileRef = D20C5153212702BC00AF4F15 /* movie.json */; };
		D20C51592127058100AF4F15 /* SearchDataProviderMock.swift in Sources */ = {isa = PBXBuildFile; fileRef = D20C51582127058100AF4F15 /* SearchDataProviderMock.swift */; };
		D20C515B2127061F00AF4F15 /* SearchPresenterImplTests.swift in Sources */ = {isa = PBXBuildFile; fileRef = D20C515A2127061F00AF4F15 /* SearchPresenterImplTests.swift */; };
		D20C515E2127067300AF4F15 /* SearchViewMock.swift in Sources */ = {isa = PBXBuildFile; fileRef = D20C515D2127067300AF4F15 /* SearchViewMock.swift */; };
		D20C51602127078A00AF4F15 /* search_results.json in Resources */ = {isa = PBXBuildFile; fileRef = D20C515F2127078A00AF4F15 /* search_results.json */; };
		D20C516421270C3600AF4F15 /* SearchTableViewControllerTests.swift in Sources */ = {isa = PBXBuildFile; fileRef = D20C516321270C3600AF4F15 /* SearchTableViewControllerTests.swift */; };
		DAA1F58E165715C9E136AF67 /* Pods_ios_mvp_pattern_exampleTests.framework in Frameworks */ = {isa = PBXBuildFile; fileRef = 8E2C1FF29CEF585A41B07728 /* Pods_ios_mvp_pattern_exampleTests.framework */; };
/* End PBXBuildFile section */

/* Begin PBXContainerItemProxy section */
		00850E79211CFA3500A16FA4 /* PBXContainerItemProxy */ = {
			isa = PBXContainerItemProxy;
			containerPortal = 00850E53211CF6B200A16FA4 /* Project object */;
			proxyType = 1;
			remoteGlobalIDString = 00850E5A211CF6B200A16FA4;
			remoteInfo = "ios-mvp-pattern-example";
		};
/* End PBXContainerItemProxy section */

/* Begin PBXFileReference section */
		000DAD822125C4B20073D3A0 /* Localization.swift */ = {isa = PBXFileReference; lastKnownFileType = sourcecode.swift; path = Localization.swift; sourceTree = "<group>"; };
		000DAD842125C51E0073D3A0 /* Localizable.strings */ = {isa = PBXFileReference; lastKnownFileType = text.plist.strings; path = Localizable.strings; sourceTree = "<group>"; };
		000DAD872126473A0073D3A0 /* SearchResultItem.swift */ = {isa = PBXFileReference; lastKnownFileType = sourcecode.swift; path = SearchResultItem.swift; sourceTree = "<group>"; };
		000DAD8A212647E70073D3A0 /* SearchResultsCellItemConvertor.swift */ = {isa = PBXFileReference; lastKnownFileType = sourcecode.swift; path = SearchResultsCellItemConvertor.swift; sourceTree = "<group>"; };
		00668E0F211FD71D009DE8A2 /* SearchTableViewController.swift */ = {isa = PBXFileReference; lastKnownFileType = sourcecode.swift; path = SearchTableViewController.swift; sourceTree = "<group>"; };
		00668E12211FD908009DE8A2 /* SearchContract.swift */ = {isa = PBXFileReference; lastKnownFileType = sourcecode.swift; path = SearchContract.swift; sourceTree = "<group>"; };
		00668E15211FD95E009DE8A2 /* BasePresenterImpl.swift */ = {isa = PBXFileReference; lastKnownFileType = sourcecode.swift; path = BasePresenterImpl.swift; sourceTree = "<group>"; };
		00668E17211FD9AF009DE8A2 /* BaseContract.swift */ = {isa = PBXFileReference; lastKnownFileType = sourcecode.swift; path = BaseContract.swift; sourceTree = "<group>"; };
		00668E19211FDA3F009DE8A2 /* SearchPresenterImpl.swift */ = {isa = PBXFileReference; lastKnownFileType = sourcecode.swift; path = SearchPresenterImpl.swift; sourceTree = "<group>"; };
		00668E1C211FE68D009DE8A2 /* SearchResultTableViewCell.swift */ = {isa = PBXFileReference; lastKnownFileType = sourcecode.swift; path = SearchResultTableViewCell.swift; sourceTree = "<group>"; };
		00668E1F212316D8009DE8A2 /* Main.storyboard */ = {isa = PBXFileReference; lastKnownFileType = file.storyboard; path = Main.storyboard; sourceTree = "<group>"; };
		00668E222123173B009DE8A2 /* RedirectViewController.swift */ = {isa = PBXFileReference; lastKnownFileType = sourcecode.swift; path = RedirectViewController.swift; sourceTree = "<group>"; };
		00668E2421231796009DE8A2 /* RedirectContract.swift */ = {isa = PBXFileReference; lastKnownFileType = sourcecode.swift; path = RedirectContract.swift; sourceTree = "<group>"; };
		00668E28212317E0009DE8A2 /* RedirectPresenterImpl.swift */ = {isa = PBXFileReference; lastKnownFileType = sourcecode.swift; path = RedirectPresenterImpl.swift; sourceTree = "<group>"; };
		00668E2A21231854009DE8A2 /* ConfigurationRouter.swift */ = {isa = PBXFileReference; lastKnownFileType = sourcecode.swift; path = ConfigurationRouter.swift; sourceTree = "<group>"; };
		00668E2C212318DF009DE8A2 /* ConfigurationDataProvider.swift */ = {isa = PBXFileReference; lastKnownFileType = sourcecode.swift; path = ConfigurationDataProvider.swift; sourceTree = "<group>"; };
		00668E2E212319B8009DE8A2 /* APIConfiguration.swift */ = {isa = PBXFileReference; lastKnownFileType = sourcecode.swift; path = APIConfiguration.swift; sourceTree = "<group>"; };
		00668E30212319F5009DE8A2 /* ImageConfig.swift */ = {isa = PBXFileReference; lastKnownFileType = sourcecode.swift; path = ImageConfig.swift; sourceTree = "<group>"; };
		00668E3A21232A4E009DE8A2 /* LocalDataStore.swift */ = {isa = PBXFileReference; lastKnownFileType = sourcecode.swift; path = LocalDataStore.swift; sourceTree = "<group>"; };
		00668E3D21232C34009DE8A2 /* URL+ImageLoader.swift */ = {isa = PBXFileReference; lastKnownFileType = sourcecode.swift; path = "URL+ImageLoader.swift"; sourceTree = "<group>"; };
		00668E4021232C70009DE8A2 /* ImageQuality.swift */ = {isa = PBXFileReference; lastKnownFileType = sourcecode.swift; path = ImageQuality.swift; sourceTree = "<group>"; };
		00668E4321245484009DE8A2 /* MovieDetailsTableViewController.swift */ = {isa = PBXFileReference; lastKnownFileType = sourcecode.swift; path = MovieDetailsTableViewController.swift; sourceTree = "<group>"; };
		00668E452124549D009DE8A2 /* MovieDetailsContract.swift */ = {isa = PBXFileReference; lastKnownFileType = sourcecode.swift; path = MovieDetailsContract.swift; sourceTree = "<group>"; };
		00668E47212454BE009DE8A2 /* MovieDetailsPresenterImpl.swift */ = {isa = PBXFileReference; lastKnownFileType = sourcecode.swift; path = MovieDetailsPresenterImpl.swift; sourceTree = "<group>"; };
		00668E4A212455C5009DE8A2 /* MoviesRouter.swift */ = {isa = PBXFileReference; lastKnownFileType = sourcecode.swift; path = MoviesRouter.swift; sourceTree = "<group>"; };
		00850E5B211CF6B200A16FA4 /* ios-mvp-pattern-example.app */ = {isa = PBXFileReference; explicitFileType = wrapper.application; includeInIndex = 0; path = "ios-mvp-pattern-example.app"; sourceTree = BUILT_PRODUCTS_DIR; };
		00850E5E211CF6B200A16FA4 /* AppDelegate.swift */ = {isa = PBXFileReference; lastKnownFileType = sourcecode.swift; path = AppDelegate.swift; sourceTree = "<group>"; };
		00850E63211CF6B200A16FA4 /* Base */ = {isa = PBXFileReference; lastKnownFileType = file.storyboard; name = Base; path = Base.lproj/Root.storyboard; sourceTree = "<group>"; };
		00850E65211CF6B300A16FA4 /* Assets.xcassets */ = {isa = PBXFileReference; lastKnownFileType = folder.assetcatalog; path = Assets.xcassets; sourceTree = "<group>"; };
		00850E68211CF6B300A16FA4 /* Base */ = {isa = PBXFileReference; lastKnownFileType = file.storyboard; name = Base; path = Base.lproj/LaunchScreen.storyboard; sourceTree = "<group>"; };
		00850E6A211CF6B300A16FA4 /* Info.plist */ = {isa = PBXFileReference; lastKnownFileType = text.plist.xml; path = Info.plist; sourceTree = "<group>"; };
		00850E74211CFA3500A16FA4 /* ios-mvp-pattern-exampleTests.xctest */ = {isa = PBXFileReference; explicitFileType = wrapper.cfbundle; includeInIndex = 0; path = "ios-mvp-pattern-exampleTests.xctest"; sourceTree = BUILT_PRODUCTS_DIR; };
		00850E78211CFA3500A16FA4 /* Info.plist */ = {isa = PBXFileReference; lastKnownFileType = text.plist.xml; path = Info.plist; sourceTree = "<group>"; };
		00850E82211E324300A16FA4 /* DataProvider.swift */ = {isa = PBXFileReference; fileEncoding = 4; lastKnownFileType = sourcecode.swift; path = DataProvider.swift; sourceTree = "<group>"; };
		00850E83211E324300A16FA4 /* CacheRequests.swift */ = {isa = PBXFileReference; fileEncoding = 4; lastKnownFileType = sourcecode.swift; path = CacheRequests.swift; sourceTree = "<group>"; };
		00850E85211E324300A16FA4 /* ApiRouterProtocol.swift */ = {isa = PBXFileReference; fileEncoding = 4; lastKnownFileType = sourcecode.swift; path = ApiRouterProtocol.swift; sourceTree = "<group>"; };
		00850E8B211E362600A16FA4 /* SearchRouter.swift */ = {isa = PBXFileReference; lastKnownFileType = sourcecode.swift; path = SearchRouter.swift; sourceTree = "<group>"; };
		00850E8D211E3AB400A16FA4 /* SearchDataProvider.swift */ = {isa = PBXFileReference; lastKnownFileType = sourcecode.swift; path = SearchDataProvider.swift; sourceTree = "<group>"; };
		00850E90211E3AEE00A16FA4 /* Movie.swift */ = {isa = PBXFileReference; lastKnownFileType = sourcecode.swift; path = Movie.swift; sourceTree = "<group>"; };
		00850E92211E3E4200A16FA4 /* SearchResult.swift */ = {isa = PBXFileReference; lastKnownFileType = sourcecode.swift; path = SearchResult.swift; sourceTree = "<group>"; };
		00850E95211E419F00A16FA4 /* Constants.swift */ = {isa = PBXFileReference; lastKnownFileType = sourcecode.swift; path = Constants.swift; sourceTree = "<group>"; };
		009854F12125AFAF00077991 /* TableViewCellItem.swift */ = {isa = PBXFileReference; lastKnownFileType = sourcecode.swift; path = TableViewCellItem.swift; sourceTree = "<group>"; };
		009854F42125B25A00077991 /* UIImageView+ImageLoader.swift */ = {isa = PBXFileReference; lastKnownFileType = sourcecode.swift; path = "UIImageView+ImageLoader.swift"; sourceTree = "<group>"; };
		009854F72125B46900077991 /* MovieDetailsCellItemGenerator.swift */ = {isa = PBXFileReference; lastKnownFileType = sourcecode.swift; path = MovieDetailsCellItemGenerator.swift; sourceTree = "<group>"; };
		009854F92125B48000077991 /* TableViewCellItemConverter.swift */ = {isa = PBXFileReference; lastKnownFileType = sourcecode.swift; path = TableViewCellItemConverter.swift; sourceTree = "<group>"; };
		009854FB2125B57700077991 /* TableViewSection.swift */ = {isa = PBXFileReference; lastKnownFileType = sourcecode.swift; path = TableViewSection.swift; sourceTree = "<group>"; };
		009854FD2125BA7800077991 /* MovieInfoDetailsItem.swift */ = {isa = PBXFileReference; lastKnownFileType = sourcecode.swift; path = MovieInfoDetailsItem.swift; sourceTree = "<group>"; };
		009854FF2125BB1300077991 /* TextContentTableViewCell.swift */ = {isa = PBXFileReference; lastKnownFileType = sourcecode.swift; path = TextContentTableViewCell.swift; sourceTree = "<group>"; };
		00E4E309212456B90015058A /* MoviesDataProvider.swift */ = {isa = PBXFileReference; lastKnownFileType = sourcecode.swift; path = MoviesDataProvider.swift; sourceTree = "<group>"; };
		00E4E30B2124573E0015058A /* MovieDetails.swift */ = {isa = PBXFileReference; lastKnownFileType = sourcecode.swift; path = MovieDetails.swift; sourceTree = "<group>"; };
		00E4E312212457D30015058A /* GenreDetails.swift */ = {isa = PBXFileReference; lastKnownFileType = sourcecode.swift; path = GenreDetails.swift; sourceTree = "<group>"; };
		00E4E315212458260015058A /* ProductionCompany.swift */ = {isa = PBXFileReference; lastKnownFileType = sourcecode.swift; path = ProductionCompany.swift; sourceTree = "<group>"; };
		00E4E317212458AF0015058A /* ProductionCountry.swift */ = {isa = PBXFileReference; lastKnownFileType = sourcecode.swift; path = ProductionCountry.swift; sourceTree = "<group>"; };
		00E4E319212459070015058A /* SpokenLanguage.swift */ = {isa = PBXFileReference; lastKnownFileType = sourcecode.swift; path = SpokenLanguage.swift; sourceTree = "<group>"; };
		00E4E31C21245A340015058A /* MovieCollection.swift */ = {isa = PBXFileReference; lastKnownFileType = sourcecode.swift; path = MovieCollection.swift; sourceTree = "<group>"; };
		00E4E31F212469590015058A /* GeneralMovieDetailsTableViewCell.swift */ = {isa = PBXFileReference; lastKnownFileType = sourcecode.swift; path = GeneralMovieDetailsTableViewCell.swift; sourceTree = "<group>"; };
		00E4E32621246A700015058A /* GeneralMovieDetailsItem.swift */ = {isa = PBXFileReference; lastKnownFileType = sourcecode.swift; path = GeneralMovieDetailsItem.swift; sourceTree = "<group>"; };
		00E4E32821246B160015058A /* ConfigurableTableViewCell.swift */ = {isa = PBXFileReference; lastKnownFileType = sourcecode.swift; path = ConfigurableTableViewCell.swift; sourceTree = "<group>"; };
		21DCCA5A87AAE2F0EE58757E /* Pods-ios-mvp-pattern-exampleTests.debug.xcconfig */ = {isa = PBXFileReference; includeInIndex = 1; lastKnownFileType = text.xcconfig; name = "Pods-ios-mvp-pattern-exampleTests.debug.xcconfig"; path = "Pods/Target Support Files/Pods-ios-mvp-pattern-exampleTests/Pods-ios-mvp-pattern-exampleTests.debug.xcconfig"; sourceTree = "<group>"; };
		48C49B5B1401ADBBA3B042E6 /* Pods_ios_mvp_pattern_example.framework */ = {isa = PBXFileReference; explicitFileType = wrapper.framework; includeInIndex = 0; path = Pods_ios_mvp_pattern_example.framework; sourceTree = BUILT_PRODUCTS_DIR; };
		857FADF8DC565FDB762A5A81 /* Pods-ios-mvp-pattern-example.release.xcconfig */ = {isa = PBXFileReference; includeInIndex = 1; lastKnownFileType = text.xcconfig; name = "Pods-ios-mvp-pattern-example.release.xcconfig"; path = "Pods/Target Support Files/Pods-ios-mvp-pattern-example/Pods-ios-mvp-pattern-example.release.xcconfig"; sourceTree = "<group>"; };
		8E2C1FF29CEF585A41B07728 /* Pods_ios_mvp_pattern_exampleTests.framework */ = {isa = PBXFileReference; explicitFileType = wrapper.framework; includeInIndex = 0; path = Pods_ios_mvp_pattern_exampleTests.framework; sourceTree = BUILT_PRODUCTS_DIR; };
		D20C51342126D4A800AF4F15 /* Injector.swift */ = {isa = PBXFileReference; lastKnownFileType = sourcecode.swift; path = Injector.swift; sourceTree = "<group>"; };
		D20C51392126D9A000AF4F15 /* RedirectPresenterImplTests.swift */ = {isa = PBXFileReference; lastKnownFileType = sourcecode.swift; path = RedirectPresenterImplTests.swift; sourceTree = "<group>"; };
		D20C513C2126D9E900AF4F15 /* RedirectViewMock.swift */ = {isa = PBXFileReference; lastKnownFileType = sourcecode.swift; path = RedirectViewMock.swift; sourceTree = "<group>"; };
		D20C51412126DAF500AF4F15 /* ConfigurationDataProviderMock.swift */ = {isa = PBXFileReference; lastKnownFileType = sourcecode.swift; path = ConfigurationDataProviderMock.swift; sourceTree = "<group>"; };
		D20C51442126DC3500AF4F15 /* api_configuration.json */ = {isa = PBXFileReference; lastKnownFileType = text.json; path = api_configuration.json; sourceTree = "<group>"; };
		D20C51472126DCB000AF4F15 /* JSONLoader.swift */ = {isa = PBXFileReference; lastKnownFileType = sourcecode.swift; path = JSONLoader.swift; sourceTree = "<group>"; };
		D20C51492126E22400AF4F15 /* InjectorMock.swift */ = {isa = PBXFileReference; lastKnownFileType = sourcecode.swift; path = InjectorMock.swift; sourceTree = "<group>"; };
		D20C514B2126E27700AF4F15 /* RedirectViewControllerTests.swift */ = {isa = PBXFileReference; lastKnownFileType = sourcecode.swift; path = RedirectViewControllerTests.swift; sourceTree = "<group>"; };
		D20C51512127015400AF4F15 /* SearchResultsCellItemConvertorTests.swift */ = {isa = PBXFileReference; lastKnownFileType = sourcecode.swift; path = SearchResultsCellItemConvertorTests.swift; sourceTree = "<group>"; };
		D20C5153212702BC00AF4F15 /* movie.json */ = {isa = PBXFileReference; fileEncoding = 4; lastKnownFileType = text.json; path = movie.json; sourceTree = "<group>"; };
		D20C51582127058100AF4F15 /* SearchDataProviderMock.swift */ = {isa = PBXFileReference; lastKnownFileType = sourcecode.swift; path = SearchDataProviderMock.swift; sourceTree = "<group>"; };
		D20C515A2127061F00AF4F15 /* SearchPresenterImplTests.swift */ = {isa = PBXFileReference; lastKnownFileType = sourcecode.swift; path = SearchPresenterImplTests.swift; sourceTree = "<group>"; };
		D20C515D2127067300AF4F15 /* SearchViewMock.swift */ = {isa = PBXFileReference; lastKnownFileType = sourcecode.swift; path = SearchViewMock.swift; sourceTree = "<group>"; };
		D20C515F2127078A00AF4F15 /* search_results.json */ = {isa = PBXFileReference; fileEncoding = 4; lastKnownFileType = text.json; path = search_results.json; sourceTree = "<group>"; };
		D20C516321270C3600AF4F15 /* SearchTableViewControllerTests.swift */ = {isa = PBXFileReference; fileEncoding = 4; lastKnownFileType = sourcecode.swift; path = SearchTableViewControllerTests.swift; sourceTree = "<group>"; };
		D902FBE2CAF9CA76B26C2B46 /* Pods-ios-mvp-pattern-example.debug.xcconfig */ = {isa = PBXFileReference; includeInIndex = 1; lastKnownFileType = text.xcconfig; name = "Pods-ios-mvp-pattern-example.debug.xcconfig"; path = "Pods/Target Support Files/Pods-ios-mvp-pattern-example/Pods-ios-mvp-pattern-example.debug.xcconfig"; sourceTree = "<group>"; };
		ECD29619194534CBAE3A6366 /* Pods-ios-mvp-pattern-exampleTests.release.xcconfig */ = {isa = PBXFileReference; includeInIndex = 1; lastKnownFileType = text.xcconfig; name = "Pods-ios-mvp-pattern-exampleTests.release.xcconfig"; path = "Pods/Target Support Files/Pods-ios-mvp-pattern-exampleTests/Pods-ios-mvp-pattern-exampleTests.release.xcconfig"; sourceTree = "<group>"; };
/* End PBXFileReference section */

/* Begin PBXFrameworksBuildPhase section */
		00850E58211CF6B200A16FA4 /* Frameworks */ = {
			isa = PBXFrameworksBuildPhase;
			buildActionMask = 2147483647;
			files = (
				8397E5EDB13E440F8A2D7557 /* Pods_ios_mvp_pattern_example.framework in Frameworks */,
			);
			runOnlyForDeploymentPostprocessing = 0;
		};
		00850E71211CFA3500A16FA4 /* Frameworks */ = {
			isa = PBXFrameworksBuildPhase;
			buildActionMask = 2147483647;
			files = (
				DAA1F58E165715C9E136AF67 /* Pods_ios_mvp_pattern_exampleTests.framework in Frameworks */,
			);
			runOnlyForDeploymentPostprocessing = 0;
		};
/* End PBXFrameworksBuildPhase section */

/* Begin PBXGroup section */
		000DAD812125C4A20073D3A0 /* Localization */ = {
			isa = PBXGroup;
			children = (
				000DAD822125C4B20073D3A0 /* Localization.swift */,
			);
			path = Localization;
			sourceTree = "<group>";
		};
		000DAD862126470B0073D3A0 /* Models */ = {
			isa = PBXGroup;
			children = (
				000DAD872126473A0073D3A0 /* SearchResultItem.swift */,
			);
			path = Models;
			sourceTree = "<group>";
		};
		000DAD89212647C70073D3A0 /* Generator */ = {
			isa = PBXGroup;
			children = (
				000DAD8A212647E70073D3A0 /* SearchResultsCellItemConvertor.swift */,
			);
			path = Generator;
			sourceTree = "<group>";
		};
		00668E0D211FD6F9009DE8A2 /* Presentation */ = {
			isa = PBXGroup;
			children = (
				00668E422124546D009DE8A2 /* Details */,
				00668E2121231727009DE8A2 /* Redirect */,
				00668E14211FD955009DE8A2 /* Base */,
				00668E0E211FD707009DE8A2 /* Search */,
			);
			path = Presentation;
			sourceTree = "<group>";
		};
		00668E0E211FD707009DE8A2 /* Search */ = {
			isa = PBXGroup;
			children = (
				000DAD89212647C70073D3A0 /* Generator */,
				000DAD862126470B0073D3A0 /* Models */,
				00668E1B211FE66B009DE8A2 /* Table View Cells */,
				00668E0F211FD71D009DE8A2 /* SearchTableViewController.swift */,
				00668E12211FD908009DE8A2 /* SearchContract.swift */,
				00668E19211FDA3F009DE8A2 /* SearchPresenterImpl.swift */,
			);
			path = Search;
			sourceTree = "<group>";
		};
		00668E14211FD955009DE8A2 /* Base */ = {
			isa = PBXGroup;
			children = (
				00668E15211FD95E009DE8A2 /* BasePresenterImpl.swift */,
				00668E17211FD9AF009DE8A2 /* BaseContract.swift */,
			);
			path = Base;
			sourceTree = "<group>";
		};
		00668E1B211FE66B009DE8A2 /* Table View Cells */ = {
			isa = PBXGroup;
			children = (
				00668E1C211FE68D009DE8A2 /* SearchResultTableViewCell.swift */,
			);
			path = "Table View Cells";
			sourceTree = "<group>";
		};
		00668E1E212316B3009DE8A2 /* Resources */ = {
			isa = PBXGroup;
			children = (
				00850E62211CF6B200A16FA4 /* Root.storyboard */,
				00850E67211CF6B300A16FA4 /* LaunchScreen.storyboard */,
				00668E1F212316D8009DE8A2 /* Main.storyboard */,
			);
			path = Resources;
			sourceTree = "<group>";
		};
		00668E2121231727009DE8A2 /* Redirect */ = {
			isa = PBXGroup;
			children = (
				00668E222123173B009DE8A2 /* RedirectViewController.swift */,
				00668E2421231796009DE8A2 /* RedirectContract.swift */,
				00668E28212317E0009DE8A2 /* RedirectPresenterImpl.swift */,
			);
			path = Redirect;
			sourceTree = "<group>";
		};
		00668E3921232A3D009DE8A2 /* Store */ = {
			isa = PBXGroup;
			children = (
				00668E3A21232A4E009DE8A2 /* LocalDataStore.swift */,
			);
			path = Store;
			sourceTree = "<group>";
		};
		00668E3F21232C63009DE8A2 /* Type */ = {
			isa = PBXGroup;
			children = (
				00668E4021232C70009DE8A2 /* ImageQuality.swift */,
			);
			path = Type;
			sourceTree = "<group>";
		};
		00668E422124546D009DE8A2 /* Details */ = {
			isa = PBXGroup;
			children = (
				009854F62125B43B00077991 /* Generator */,
				00E4E323212469D50015058A /* Models */,
				00E4E31E2124692E0015058A /* Table View Cells */,
				00668E4321245484009DE8A2 /* MovieDetailsTableViewController.swift */,
				00668E452124549D009DE8A2 /* MovieDetailsContract.swift */,
				00668E47212454BE009DE8A2 /* MovieDetailsPresenterImpl.swift */,
			);
			path = Details;
			sourceTree = "<group>";
		};
		00850E52211CF6B200A16FA4 = {
			isa = PBXGroup;
			children = (
				00850E5D211CF6B200A16FA4 /* ios-mvp-pattern-example */,
				00850E75211CFA3500A16FA4 /* ios-mvp-pattern-exampleTests */,
				00850E5C211CF6B200A16FA4 /* Products */,
				5AEAB6CF6159E863A3D401FE /* Pods */,
				C715DA7369A0595C31837413 /* Frameworks */,
			);
			sourceTree = "<group>";
		};
		00850E5C211CF6B200A16FA4 /* Products */ = {
			isa = PBXGroup;
			children = (
				00850E5B211CF6B200A16FA4 /* ios-mvp-pattern-example.app */,
				00850E74211CFA3500A16FA4 /* ios-mvp-pattern-exampleTests.xctest */,
			);
			name = Products;
			sourceTree = "<group>";
		};
		00850E5D211CF6B200A16FA4 /* ios-mvp-pattern-example */ = {
			isa = PBXGroup;
			children = (
				009854EF2125ACE500077991 /* Common */,
				00668E3921232A3D009DE8A2 /* Store */,
				00668E1E212316B3009DE8A2 /* Resources */,
				00850E94211E419200A16FA4 /* Constants */,
				00850E7E211E320200A16FA4 /* Network */,
				00668E0D211FD6F9009DE8A2 /* Presentation */,
				00850E5E211CF6B200A16FA4 /* AppDelegate.swift */,
				00850E65211CF6B300A16FA4 /* Assets.xcassets */,
				00850E6A211CF6B300A16FA4 /* Info.plist */,
				000DAD842125C51E0073D3A0 /* Localizable.strings */,
			);
			path = "ios-mvp-pattern-example";
			sourceTree = "<group>";
		};
		00850E75211CFA3500A16FA4 /* ios-mvp-pattern-exampleTests */ = {
			isa = PBXGroup;
			children = (
				D20C513F2126DAD600AF4F15 /* Mocks */,
				D20C51432126DC0800AF4F15 /* JSON Examples */,
				D20C51462126DC9F00AF4F15 /* Test Utils */,
				D20C51362126D96900AF4F15 /* Presentation */,
				00850E78211CFA3500A16FA4 /* Info.plist */,
			);
			path = "ios-mvp-pattern-exampleTests";
			sourceTree = "<group>";
		};
		00850E7E211E320200A16FA4 /* Network */ = {
			isa = PBXGroup;
			children = (
				00668E3F21232C63009DE8A2 /* Type */,
				00850E8F211E3ACE00A16FA4 /* Models */,
				00850E7F211E324300A16FA4 /* Provider */,
				00850E84211E324300A16FA4 /* Routers */,
			);
			path = Network;
			sourceTree = "<group>";
		};
		00850E7F211E324300A16FA4 /* Provider */ = {
			isa = PBXGroup;
			children = (
				00850E80211E324300A16FA4 /* Base */,
				00850E8D211E3AB400A16FA4 /* SearchDataProvider.swift */,
				00668E2C212318DF009DE8A2 /* ConfigurationDataProvider.swift */,
				00E4E309212456B90015058A /* MoviesDataProvider.swift */,
			);
			path = Provider;
			sourceTree = "<group>";
		};
		00850E80211E324300A16FA4 /* Base */ = {
			isa = PBXGroup;
			children = (
				00850E82211E324300A16FA4 /* DataProvider.swift */,
				00850E83211E324300A16FA4 /* CacheRequests.swift */,
			);
			path = Base;
			sourceTree = "<group>";
		};
		00850E84211E324300A16FA4 /* Routers */ = {
			isa = PBXGroup;
			children = (
				00850E85211E324300A16FA4 /* ApiRouterProtocol.swift */,
				00850E8B211E362600A16FA4 /* SearchRouter.swift */,
				00668E2A21231854009DE8A2 /* ConfigurationRouter.swift */,
				00668E4A212455C5009DE8A2 /* MoviesRouter.swift */,
			);
			path = Routers;
			sourceTree = "<group>";
		};
		00850E8F211E3ACE00A16FA4 /* Models */ = {
			isa = PBXGroup;
			children = (
				00E4E31B21245A280015058A /* Collection */,
				00E4E311212457B80015058A /* Common */,
				00E4E30F2124577A0015058A /* Search */,
				00E4E30E212457700015058A /* Configuration */,
				00E4E30D2124575F0015058A /* Movie */,
			);
			path = Models;
			sourceTree = "<group>";
		};
		00850E94211E419200A16FA4 /* Constants */ = {
			isa = PBXGroup;
			children = (
				00850E95211E419F00A16FA4 /* Constants.swift */,
			);
			path = Constants;
			sourceTree = "<group>";
		};
		009854EF2125ACE500077991 /* Common */ = {
			isa = PBXGroup;
			children = (
				000DAD812125C4A20073D3A0 /* Localization */,
				009854F32125B23F00077991 /* Extensions */,
				009854F02125ACF600077991 /* Configurable Cell */,
				D20C51342126D4A800AF4F15 /* Injector.swift */,
			);
			path = Common;
			sourceTree = "<group>";
		};
		009854F02125ACF600077991 /* Configurable Cell */ = {
			isa = PBXGroup;
			children = (
				009854FB2125B57700077991 /* TableViewSection.swift */,
				00E4E32821246B160015058A /* ConfigurableTableViewCell.swift */,
				009854F12125AFAF00077991 /* TableViewCellItem.swift */,
				009854F92125B48000077991 /* TableViewCellItemConverter.swift */,
			);
			path = "Configurable Cell";
			sourceTree = "<group>";
		};
		009854F32125B23F00077991 /* Extensions */ = {
			isa = PBXGroup;
			children = (
				00668E3D21232C34009DE8A2 /* URL+ImageLoader.swift */,
				009854F42125B25A00077991 /* UIImageView+ImageLoader.swift */,
			);
			path = Extensions;
			sourceTree = "<group>";
		};
		009854F62125B43B00077991 /* Generator */ = {
			isa = PBXGroup;
			children = (
				009854F72125B46900077991 /* MovieDetailsCellItemGenerator.swift */,
			);
			path = Generator;
			sourceTree = "<group>";
		};
		00E4E30D2124575F0015058A /* Movie */ = {
			isa = PBXGroup;
			children = (
				00850E90211E3AEE00A16FA4 /* Movie.swift */,
				00E4E30B2124573E0015058A /* MovieDetails.swift */,
			);
			path = Movie;
			sourceTree = "<group>";
		};
		00E4E30E212457700015058A /* Configuration */ = {
			isa = PBXGroup;
			children = (
				00668E2E212319B8009DE8A2 /* APIConfiguration.swift */,
				00668E30212319F5009DE8A2 /* ImageConfig.swift */,
			);
			path = Configuration;
			sourceTree = "<group>";
		};
		00E4E30F2124577A0015058A /* Search */ = {
			isa = PBXGroup;
			children = (
				00850E92211E3E4200A16FA4 /* SearchResult.swift */,
			);
			path = Search;
			sourceTree = "<group>";
		};
		00E4E311212457B80015058A /* Common */ = {
			isa = PBXGroup;
			children = (
				00E4E312212457D30015058A /* GenreDetails.swift */,
				00E4E315212458260015058A /* ProductionCompany.swift */,
				00E4E317212458AF0015058A /* ProductionCountry.swift */,
				00E4E319212459070015058A /* SpokenLanguage.swift */,
			);
			path = Common;
			sourceTree = "<group>";
		};
		00E4E31B21245A280015058A /* Collection */ = {
			isa = PBXGroup;
			children = (
				00E4E31C21245A340015058A /* MovieCollection.swift */,
			);
			path = Collection;
			sourceTree = "<group>";
		};
		00E4E31E2124692E0015058A /* Table View Cells */ = {
			isa = PBXGroup;
			children = (
				00E4E31F212469590015058A /* GeneralMovieDetailsTableViewCell.swift */,
				009854FF2125BB1300077991 /* TextContentTableViewCell.swift */,
			);
			path = "Table View Cells";
			sourceTree = "<group>";
		};
		00E4E323212469D50015058A /* Models */ = {
			isa = PBXGroup;
			children = (
				00E4E32621246A700015058A /* GeneralMovieDetailsItem.swift */,
				009854FD2125BA7800077991 /* MovieInfoDetailsItem.swift */,
			);
			path = Models;
			sourceTree = "<group>";
		};
		5AEAB6CF6159E863A3D401FE /* Pods */ = {
			isa = PBXGroup;
			children = (
				D902FBE2CAF9CA76B26C2B46 /* Pods-ios-mvp-pattern-example.debug.xcconfig */,
				857FADF8DC565FDB762A5A81 /* Pods-ios-mvp-pattern-example.release.xcconfig */,
				21DCCA5A87AAE2F0EE58757E /* Pods-ios-mvp-pattern-exampleTests.debug.xcconfig */,
				ECD29619194534CBAE3A6366 /* Pods-ios-mvp-pattern-exampleTests.release.xcconfig */,
			);
			name = Pods;
			sourceTree = "<group>";
		};
		C715DA7369A0595C31837413 /* Frameworks */ = {
			isa = PBXGroup;
			children = (
				48C49B5B1401ADBBA3B042E6 /* Pods_ios_mvp_pattern_example.framework */,
				8E2C1FF29CEF585A41B07728 /* Pods_ios_mvp_pattern_exampleTests.framework */,
			);
			name = Frameworks;
			sourceTree = "<group>";
		};
		D20C51362126D96900AF4F15 /* Presentation */ = {
			isa = PBXGroup;
			children = (
				D20C514F2127012100AF4F15 /* Search */,
				D20C51382126D97800AF4F15 /* Redirect */,
			);
			path = Presentation;
			sourceTree = "<group>";
		};
		D20C51382126D97800AF4F15 /* Redirect */ = {
			isa = PBXGroup;
			children = (
				D20C513B2126D9D900AF4F15 /* Mocks */,
				D20C51392126D9A000AF4F15 /* RedirectPresenterImplTests.swift */,
				D20C514B2126E27700AF4F15 /* RedirectViewControllerTests.swift */,
			);
			path = Redirect;
			sourceTree = "<group>";
		};
		D20C513B2126D9D900AF4F15 /* Mocks */ = {
			isa = PBXGroup;
			children = (
				D20C513C2126D9E900AF4F15 /* RedirectViewMock.swift */,
			);
			path = Mocks;
			sourceTree = "<group>";
		};
		D20C513F2126DAD600AF4F15 /* Mocks */ = {
			isa = PBXGroup;
			children = (
				D20C51412126DAF500AF4F15 /* ConfigurationDataProviderMock.swift */,
				D20C51582127058100AF4F15 /* SearchDataProviderMock.swift */,
				D20C51492126E22400AF4F15 /* InjectorMock.swift */,
			);
			path = Mocks;
			sourceTree = "<group>";
		};
		D20C51432126DC0800AF4F15 /* JSON Examples */ = {
			isa = PBXGroup;
			children = (
				D20C515F2127078A00AF4F15 /* search_results.json */,
				D20C5153212702BC00AF4F15 /* movie.json */,
				D20C51442126DC3500AF4F15 /* api_configuration.json */,
			);
			path = "JSON Examples";
			sourceTree = "<group>";
		};
		D20C51462126DC9F00AF4F15 /* Test Utils */ = {
			isa = PBXGroup;
			children = (
				D20C51472126DCB000AF4F15 /* JSONLoader.swift */,
			);
			path = "Test Utils";
			sourceTree = "<group>";
		};
		D20C514F2127012100AF4F15 /* Search */ = {
			isa = PBXGroup;
			children = (
				D20C515C2127066000AF4F15 /* Mocks */,
				D20C51502127013000AF4F15 /* Generator */,
				D20C515A2127061F00AF4F15 /* SearchPresenterImplTests.swift */,
				D20C516321270C3600AF4F15 /* SearchTableViewControllerTests.swift */,
			);
			path = Search;
			sourceTree = "<group>";
		};
		D20C51502127013000AF4F15 /* Generator */ = {
			isa = PBXGroup;
			children = (
				D20C51512127015400AF4F15 /* SearchResultsCellItemConvertorTests.swift */,
			);
			path = Generator;
			sourceTree = "<group>";
		};
		D20C515C2127066000AF4F15 /* Mocks */ = {
			isa = PBXGroup;
			children = (
				D20C515D2127067300AF4F15 /* SearchViewMock.swift */,
			);
			path = Mocks;
			sourceTree = "<group>";
		};
/* End PBXGroup section */

/* Begin PBXNativeTarget section */
		00850E5A211CF6B200A16FA4 /* ios-mvp-pattern-example */ = {
			isa = PBXNativeTarget;
			buildConfigurationList = 00850E6D211CF6B300A16FA4 /* Build configuration list for PBXNativeTarget "ios-mvp-pattern-example" */;
			buildPhases = (
				5DE989136E3C2479944256E0 /* [CP] Check Pods Manifest.lock */,
				00850E57211CF6B200A16FA4 /* Sources */,
				00850E58211CF6B200A16FA4 /* Frameworks */,
				00850E59211CF6B200A16FA4 /* Resources */,
				7D36DF339277B088502C22E1 /* [CP] Embed Pods Frameworks */,
			);
			buildRules = (
			);
			dependencies = (
			);
			name = "ios-mvp-pattern-example";
			productName = "ios-mvp-pattern-example";
			productReference = 00850E5B211CF6B200A16FA4 /* ios-mvp-pattern-example.app */;
			productType = "com.apple.product-type.application";
		};
		00850E73211CFA3500A16FA4 /* ios-mvp-pattern-exampleTests */ = {
			isa = PBXNativeTarget;
			buildConfigurationList = 00850E7D211CFA3500A16FA4 /* Build configuration list for PBXNativeTarget "ios-mvp-pattern-exampleTests" */;
			buildPhases = (
				0E4579EB2B09A043971A5AF2 /* [CP] Check Pods Manifest.lock */,
				00850E70211CFA3500A16FA4 /* Sources */,
				00850E71211CFA3500A16FA4 /* Frameworks */,
				00850E72211CFA3500A16FA4 /* Resources */,
				127F16399156EC117E3FF5D7 /* [CP] Embed Pods Frameworks */,
			);
			buildRules = (
			);
			dependencies = (
				00850E7A211CFA3500A16FA4 /* PBXTargetDependency */,
			);
			name = "ios-mvp-pattern-exampleTests";
			productName = "ios-mvp-pattern-exampleTests";
			productReference = 00850E74211CFA3500A16FA4 /* ios-mvp-pattern-exampleTests.xctest */;
			productType = "com.apple.product-type.bundle.unit-test";
		};
/* End PBXNativeTarget section */

/* Begin PBXProject section */
		00850E53211CF6B200A16FA4 /* Project object */ = {
			isa = PBXProject;
			attributes = {
				LastSwiftUpdateCheck = 0940;
				LastUpgradeCheck = 0940;
				ORGANIZATIONNAME = "Ivan Podibka";
				TargetAttributes = {
					00850E5A211CF6B200A16FA4 = {
						CreatedOnToolsVersion = 9.4.1;
					};
					00850E73211CFA3500A16FA4 = {
						CreatedOnToolsVersion = 9.4.1;
						TestTargetID = 00850E5A211CF6B200A16FA4;
					};
				};
			};
			buildConfigurationList = 00850E56211CF6B200A16FA4 /* Build configuration list for PBXProject "ios-mvp-pattern-example" */;
			compatibilityVersion = "Xcode 9.3";
			developmentRegion = en;
			hasScannedForEncodings = 0;
			knownRegions = (
				en,
				Base,
			);
			mainGroup = 00850E52211CF6B200A16FA4;
			productRefGroup = 00850E5C211CF6B200A16FA4 /* Products */;
			projectDirPath = "";
			projectRoot = "";
			targets = (
				00850E5A211CF6B200A16FA4 /* ios-mvp-pattern-example */,
				00850E73211CFA3500A16FA4 /* ios-mvp-pattern-exampleTests */,
			);
		};
/* End PBXProject section */

/* Begin PBXResourcesBuildPhase section */
		00850E59211CF6B200A16FA4 /* Resources */ = {
			isa = PBXResourcesBuildPhase;
			buildActionMask = 2147483647;
			files = (
				00668E20212316D8009DE8A2 /* Main.storyboard in Resources */,
				000DAD852125C51E0073D3A0 /* Localizable.strings in Resources */,
				00850E69211CF6B300A16FA4 /* LaunchScreen.storyboard in Resources */,
				00850E66211CF6B300A16FA4 /* Assets.xcassets in Resources */,
				00850E64211CF6B200A16FA4 /* Root.storyboard in Resources */,
			);
			runOnlyForDeploymentPostprocessing = 0;
		};
		00850E72211CFA3500A16FA4 /* Resources */ = {
			isa = PBXResourcesBuildPhase;
			buildActionMask = 2147483647;
			files = (
				D20C51602127078A00AF4F15 /* search_results.json in Resources */,
				D20C5154212702BD00AF4F15 /* movie.json in Resources */,
				D20C51452126DC3500AF4F15 /* api_configuration.json in Resources */,
			);
			runOnlyForDeploymentPostprocessing = 0;
		};
/* End PBXResourcesBuildPhase section */

/* Begin PBXShellScriptBuildPhase section */
		0E4579EB2B09A043971A5AF2 /* [CP] Check Pods Manifest.lock */ = {
			isa = PBXShellScriptBuildPhase;
			buildActionMask = 2147483647;
			files = (
			);
			inputPaths = (
				"${PODS_PODFILE_DIR_PATH}/Podfile.lock",
				"${PODS_ROOT}/Manifest.lock",
			);
			name = "[CP] Check Pods Manifest.lock";
			outputPaths = (
				"$(DERIVED_FILE_DIR)/Pods-ios-mvp-pattern-exampleTests-checkManifestLockResult.txt",
			);
			runOnlyForDeploymentPostprocessing = 0;
			shellPath = /bin/sh;
			shellScript = "diff \"${PODS_PODFILE_DIR_PATH}/Podfile.lock\" \"${PODS_ROOT}/Manifest.lock\" > /dev/null\nif [ $? != 0 ] ; then\n    # print error to STDERR\n    echo \"error: The sandbox is not in sync with the Podfile.lock. Run 'pod install' or update your CocoaPods installation.\" >&2\n    exit 1\nfi\n# This output is used by Xcode 'outputs' to avoid re-running this script phase.\necho \"SUCCESS\" > \"${SCRIPT_OUTPUT_FILE_0}\"\n";
			showEnvVarsInLog = 0;
		};
		127F16399156EC117E3FF5D7 /* [CP] Embed Pods Frameworks */ = {
			isa = PBXShellScriptBuildPhase;
			buildActionMask = 2147483647;
			files = (
			);
			inputPaths = (
				"${SRCROOT}/Pods/Target Support Files/Pods-ios-mvp-pattern-exampleTests/Pods-ios-mvp-pattern-exampleTests-frameworks.sh",
				"${BUILT_PRODUCTS_DIR}/Alamofire/Alamofire.framework",
				"${BUILT_PRODUCTS_DIR}/AlamofireObjectMapper/AlamofireObjectMapper.framework",
				"${BUILT_PRODUCTS_DIR}/Kingfisher/Kingfisher.framework",
				"${BUILT_PRODUCTS_DIR}/ObjectMapper/ObjectMapper.framework",
			);
			name = "[CP] Embed Pods Frameworks";
			outputPaths = (
				"${TARGET_BUILD_DIR}/${FRAMEWORKS_FOLDER_PATH}/Alamofire.framework",
				"${TARGET_BUILD_DIR}/${FRAMEWORKS_FOLDER_PATH}/AlamofireObjectMapper.framework",
				"${TARGET_BUILD_DIR}/${FRAMEWORKS_FOLDER_PATH}/Kingfisher.framework",
				"${TARGET_BUILD_DIR}/${FRAMEWORKS_FOLDER_PATH}/ObjectMapper.framework",
			);
			runOnlyForDeploymentPostprocessing = 0;
			shellPath = /bin/sh;
			shellScript = "\"${SRCROOT}/Pods/Target Support Files/Pods-ios-mvp-pattern-exampleTests/Pods-ios-mvp-pattern-exampleTests-frameworks.sh\"\n";
			showEnvVarsInLog = 0;
		};
		5DE989136E3C2479944256E0 /* [CP] Check Pods Manifest.lock */ = {
			isa = PBXShellScriptBuildPhase;
			buildActionMask = 2147483647;
			files = (
			);
			inputPaths = (
				"${PODS_PODFILE_DIR_PATH}/Podfile.lock",
				"${PODS_ROOT}/Manifest.lock",
			);
			name = "[CP] Check Pods Manifest.lock";
			outputPaths = (
				"$(DERIVED_FILE_DIR)/Pods-ios-mvp-pattern-example-checkManifestLockResult.txt",
			);
			runOnlyForDeploymentPostprocessing = 0;
			shellPath = /bin/sh;
			shellScript = "diff \"${PODS_PODFILE_DIR_PATH}/Podfile.lock\" \"${PODS_ROOT}/Manifest.lock\" > /dev/null\nif [ $? != 0 ] ; then\n    # print error to STDERR\n    echo \"error: The sandbox is not in sync with the Podfile.lock. Run 'pod install' or update your CocoaPods installation.\" >&2\n    exit 1\nfi\n# This output is used by Xcode 'outputs' to avoid re-running this script phase.\necho \"SUCCESS\" > \"${SCRIPT_OUTPUT_FILE_0}\"\n";
			showEnvVarsInLog = 0;
		};
		7D36DF339277B088502C22E1 /* [CP] Embed Pods Frameworks */ = {
			isa = PBXShellScriptBuildPhase;
			buildActionMask = 2147483647;
			files = (
			);
			inputPaths = (
				"${SRCROOT}/Pods/Target Support Files/Pods-ios-mvp-pattern-example/Pods-ios-mvp-pattern-example-frameworks.sh",
				"${BUILT_PRODUCTS_DIR}/Alamofire/Alamofire.framework",
				"${BUILT_PRODUCTS_DIR}/AlamofireObjectMapper/AlamofireObjectMapper.framework",
				"${BUILT_PRODUCTS_DIR}/Kingfisher/Kingfisher.framework",
				"${BUILT_PRODUCTS_DIR}/ObjectMapper/ObjectMapper.framework",
			);
			name = "[CP] Embed Pods Frameworks";
			outputPaths = (
				"${TARGET_BUILD_DIR}/${FRAMEWORKS_FOLDER_PATH}/Alamofire.framework",
				"${TARGET_BUILD_DIR}/${FRAMEWORKS_FOLDER_PATH}/AlamofireObjectMapper.framework",
				"${TARGET_BUILD_DIR}/${FRAMEWORKS_FOLDER_PATH}/Kingfisher.framework",
				"${TARGET_BUILD_DIR}/${FRAMEWORKS_FOLDER_PATH}/ObjectMapper.framework",
			);
			runOnlyForDeploymentPostprocessing = 0;
			shellPath = /bin/sh;
			shellScript = "\"${SRCROOT}/Pods/Target Support Files/Pods-ios-mvp-pattern-example/Pods-ios-mvp-pattern-example-frameworks.sh\"\n";
			showEnvVarsInLog = 0;
		};
/* End PBXShellScriptBuildPhase section */

/* Begin PBXSourcesBuildPhase section */
		00850E57211CF6B200A16FA4 /* Sources */ = {
			isa = PBXSourcesBuildPhase;
			buildActionMask = 2147483647;
			files = (
				00E4E32921246B160015058A /* ConfigurableTableViewCell.swift in Sources */,
				00668E3E21232C34009DE8A2 /* URL+ImageLoader.swift in Sources */,
				000DAD8B212647E70073D3A0 /* SearchResultsCellItemConvertor.swift in Sources */,
				00850E93211E3E4200A16FA4 /* SearchResult.swift in Sources */,
				00668E16211FD95E009DE8A2 /* BasePresenterImpl.swift in Sources */,
				00850E8E211E3AB400A16FA4 /* SearchDataProvider.swift in Sources */,
				000DAD882126473A0073D3A0 /* SearchResultItem.swift in Sources */,
				009854FA2125B48000077991 /* TableViewCellItemConverter.swift in Sources */,
				00E4E313212457D30015058A /* GenreDetails.swift in Sources */,
				00850E87211E324300A16FA4 /* DataProvider.swift in Sources */,
				00E4E30A212456B90015058A /* MoviesDataProvider.swift in Sources */,
				00668E4B212455C5009DE8A2 /* MoviesRouter.swift in Sources */,
				009854FE2125BA7800077991 /* MovieInfoDetailsItem.swift in Sources */,
				00E4E316212458260015058A /* ProductionCompany.swift in Sources */,
				00668E462124549D009DE8A2 /* MovieDetailsContract.swift in Sources */,
				00E4E320212469590015058A /* GeneralMovieDetailsTableViewCell.swift in Sources */,
				00668E1A211FDA3F009DE8A2 /* SearchPresenterImpl.swift in Sources */,
				00E4E318212458AF0015058A /* ProductionCountry.swift in Sources */,
				00668E2B21231854009DE8A2 /* ConfigurationRouter.swift in Sources */,
				00850E8C211E362600A16FA4 /* SearchRouter.swift in Sources */,
				00668E232123173B009DE8A2 /* RedirectViewController.swift in Sources */,
				00668E48212454BE009DE8A2 /* MovieDetailsPresenterImpl.swift in Sources */,
				00668E2521231796009DE8A2 /* RedirectContract.swift in Sources */,
				00668E4121232C70009DE8A2 /* ImageQuality.swift in Sources */,
				00E4E32721246A700015058A /* GeneralMovieDetailsItem.swift in Sources */,
				00668E3B21232A4E009DE8A2 /* LocalDataStore.swift in Sources */,
				009854FC2125B57700077991 /* TableViewSection.swift in Sources */,
				009854F52125B25A00077991 /* UIImageView+ImageLoader.swift in Sources */,
				00850E96211E419F00A16FA4 /* Constants.swift in Sources */,
				00850E89211E324300A16FA4 /* ApiRouterProtocol.swift in Sources */,
				009855002125BB1300077991 /* TextContentTableViewCell.swift in Sources */,
				00668E31212319F5009DE8A2 /* ImageConfig.swift in Sources */,
				00668E2D212318DF009DE8A2 /* ConfigurationDataProvider.swift in Sources */,
				009854F22125AFAF00077991 /* TableViewCellItem.swift in Sources */,
				00668E18211FD9AF009DE8A2 /* BaseContract.swift in Sources */,
				D20C51352126D4A800AF4F15 /* Injector.swift in Sources */,
				00850E88211E324300A16FA4 /* CacheRequests.swift in Sources */,
				00668E10211FD71D009DE8A2 /* SearchTableViewController.swift in Sources */,
				000DAD832125C4B20073D3A0 /* Localization.swift in Sources */,
				00668E1D211FE68D009DE8A2 /* SearchResultTableViewCell.swift in Sources */,
				00E4E31D21245A340015058A /* MovieCollection.swift in Sources */,
				00E4E31A212459070015058A /* SpokenLanguage.swift in Sources */,
				00850E91211E3AEE00A16FA4 /* Movie.swift in Sources */,
				00668E4421245484009DE8A2 /* MovieDetailsTableViewController.swift in Sources */,
				00850E5F211CF6B200A16FA4 /* AppDelegate.swift in Sources */,
				00668E29212317E0009DE8A2 /* RedirectPresenterImpl.swift in Sources */,
				009854F82125B46900077991 /* MovieDetailsCellItemGenerator.swift in Sources */,
				00668E2F212319B8009DE8A2 /* APIConfiguration.swift in Sources */,
				00668E13211FD908009DE8A2 /* SearchContract.swift in Sources */,
				00E4E30C2124573E0015058A /* MovieDetails.swift in Sources */,
			);
			runOnlyForDeploymentPostprocessing = 0;
		};
		00850E70211CFA3500A16FA4 /* Sources */ = {
			isa = PBXSourcesBuildPhase;
			buildActionMask = 2147483647;
			files = (
				D20C51522127015400AF4F15 /* SearchResultsCellItemConvertorTests.swift in Sources */,
				D20C514C2126E27700AF4F15 /* RedirectViewControllerTests.swift in Sources */,
				D20C516421270C3600AF4F15 /* SearchTableViewControllerTests.swift in Sources */,
				D20C51482126DCB000AF4F15 /* JSONLoader.swift in Sources */,
				D20C515B2127061F00AF4F15 /* SearchPresenterImplTests.swift in Sources */,
				D20C515E2127067300AF4F15 /* SearchViewMock.swift in Sources */,
				D20C514A2126E22400AF4F15 /* InjectorMock.swift in Sources */,
				D20C51592127058100AF4F15 /* SearchDataProviderMock.swift in Sources */,
				D20C513A2126D9A000AF4F15 /* RedirectPresenterImplTests.swift in Sources */,
				D20C51422126DAF500AF4F15 /* ConfigurationDataProviderMock.swift in Sources */,
				D20C513D2126D9E900AF4F15 /* RedirectViewMock.swift in Sources */,
			);
			runOnlyForDeploymentPostprocessing = 0;
		};
/* End PBXSourcesBuildPhase section */

/* Begin PBXTargetDependency section */
		00850E7A211CFA3500A16FA4 /* PBXTargetDependency */ = {
			isa = PBXTargetDependency;
			target = 00850E5A211CF6B200A16FA4 /* ios-mvp-pattern-example */;
			targetProxy = 00850E79211CFA3500A16FA4 /* PBXContainerItemProxy */;
		};
/* End PBXTargetDependency section */

/* Begin PBXVariantGroup section */
		00850E62211CF6B200A16FA4 /* Root.storyboard */ = {
			isa = PBXVariantGroup;
			children = (
				00850E63211CF6B200A16FA4 /* Base */,
			);
			name = Root.storyboard;
			sourceTree = "<group>";
		};
		00850E67211CF6B300A16FA4 /* LaunchScreen.storyboard */ = {
			isa = PBXVariantGroup;
			children = (
				00850E68211CF6B300A16FA4 /* Base */,
			);
			name = LaunchScreen.storyboard;
			sourceTree = "<group>";
		};
/* End PBXVariantGroup section */

/* Begin XCBuildConfiguration section */
		00850E6B211CF6B300A16FA4 /* Debug */ = {
			isa = XCBuildConfiguration;
			buildSettings = {
				ALWAYS_SEARCH_USER_PATHS = NO;
				CLANG_ANALYZER_NONNULL = YES;
				CLANG_ANALYZER_NUMBER_OBJECT_CONVERSION = YES_AGGRESSIVE;
				CLANG_CXX_LANGUAGE_STANDARD = "gnu++14";
				CLANG_CXX_LIBRARY = "libc++";
				CLANG_ENABLE_MODULES = YES;
				CLANG_ENABLE_OBJC_ARC = YES;
				CLANG_ENABLE_OBJC_WEAK = YES;
				CLANG_WARN_BLOCK_CAPTURE_AUTORELEASING = YES;
				CLANG_WARN_BOOL_CONVERSION = YES;
				CLANG_WARN_COMMA = YES;
				CLANG_WARN_CONSTANT_CONVERSION = YES;
				CLANG_WARN_DEPRECATED_OBJC_IMPLEMENTATIONS = YES;
				CLANG_WARN_DIRECT_OBJC_ISA_USAGE = YES_ERROR;
				CLANG_WARN_DOCUMENTATION_COMMENTS = YES;
				CLANG_WARN_EMPTY_BODY = YES;
				CLANG_WARN_ENUM_CONVERSION = YES;
				CLANG_WARN_INFINITE_RECURSION = YES;
				CLANG_WARN_INT_CONVERSION = YES;
				CLANG_WARN_NON_LITERAL_NULL_CONVERSION = YES;
				CLANG_WARN_OBJC_IMPLICIT_RETAIN_SELF = YES;
				CLANG_WARN_OBJC_LITERAL_CONVERSION = YES;
				CLANG_WARN_OBJC_ROOT_CLASS = YES_ERROR;
				CLANG_WARN_RANGE_LOOP_ANALYSIS = YES;
				CLANG_WARN_STRICT_PROTOTYPES = YES;
				CLANG_WARN_SUSPICIOUS_MOVE = YES;
				CLANG_WARN_UNGUARDED_AVAILABILITY = YES_AGGRESSIVE;
				CLANG_WARN_UNREACHABLE_CODE = YES;
				CLANG_WARN__DUPLICATE_METHOD_MATCH = YES;
				CODE_SIGN_IDENTITY = "iPhone Developer";
				COPY_PHASE_STRIP = NO;
				DEBUG_INFORMATION_FORMAT = dwarf;
				ENABLE_STRICT_OBJC_MSGSEND = YES;
				ENABLE_TESTABILITY = YES;
				GCC_C_LANGUAGE_STANDARD = gnu11;
				GCC_DYNAMIC_NO_PIC = NO;
				GCC_NO_COMMON_BLOCKS = YES;
				GCC_OPTIMIZATION_LEVEL = 0;
				GCC_PREPROCESSOR_DEFINITIONS = (
					"DEBUG=1",
					"$(inherited)",
				);
				GCC_WARN_64_TO_32_BIT_CONVERSION = YES;
				GCC_WARN_ABOUT_RETURN_TYPE = YES_ERROR;
				GCC_WARN_UNDECLARED_SELECTOR = YES;
				GCC_WARN_UNINITIALIZED_AUTOS = YES_AGGRESSIVE;
				GCC_WARN_UNUSED_FUNCTION = YES;
				GCC_WARN_UNUSED_VARIABLE = YES;
				IPHONEOS_DEPLOYMENT_TARGET = 11.0;
				MTL_ENABLE_DEBUG_INFO = YES;
				ONLY_ACTIVE_ARCH = YES;
				SDKROOT = iphoneos;
				SWIFT_ACTIVE_COMPILATION_CONDITIONS = DEBUG;
				SWIFT_OPTIMIZATION_LEVEL = "-Onone";
			};
			name = Debug;
		};
		00850E6C211CF6B300A16FA4 /* Release */ = {
			isa = XCBuildConfiguration;
			buildSettings = {
				ALWAYS_SEARCH_USER_PATHS = NO;
				CLANG_ANALYZER_NONNULL = YES;
				CLANG_ANALYZER_NUMBER_OBJECT_CONVERSION = YES_AGGRESSIVE;
				CLANG_CXX_LANGUAGE_STANDARD = "gnu++14";
				CLANG_CXX_LIBRARY = "libc++";
				CLANG_ENABLE_MODULES = YES;
				CLANG_ENABLE_OBJC_ARC = YES;
				CLANG_ENABLE_OBJC_WEAK = YES;
				CLANG_WARN_BLOCK_CAPTURE_AUTORELEASING = YES;
				CLANG_WARN_BOOL_CONVERSION = YES;
				CLANG_WARN_COMMA = YES;
				CLANG_WARN_CONSTANT_CONVERSION = YES;
				CLANG_WARN_DEPRECATED_OBJC_IMPLEMENTATIONS = YES;
				CLANG_WARN_DIRECT_OBJC_ISA_USAGE = YES_ERROR;
				CLANG_WARN_DOCUMENTATION_COMMENTS = YES;
				CLANG_WARN_EMPTY_BODY = YES;
				CLANG_WARN_ENUM_CONVERSION = YES;
				CLANG_WARN_INFINITE_RECURSION = YES;
				CLANG_WARN_INT_CONVERSION = YES;
				CLANG_WARN_NON_LITERAL_NULL_CONVERSION = YES;
				CLANG_WARN_OBJC_IMPLICIT_RETAIN_SELF = YES;
				CLANG_WARN_OBJC_LITERAL_CONVERSION = YES;
				CLANG_WARN_OBJC_ROOT_CLASS = YES_ERROR;
				CLANG_WARN_RANGE_LOOP_ANALYSIS = YES;
				CLANG_WARN_STRICT_PROTOTYPES = YES;
				CLANG_WARN_SUSPICIOUS_MOVE = YES;
				CLANG_WARN_UNGUARDED_AVAILABILITY = YES_AGGRESSIVE;
				CLANG_WARN_UNREACHABLE_CODE = YES;
				CLANG_WARN__DUPLICATE_METHOD_MATCH = YES;
				CODE_SIGN_IDENTITY = "iPhone Developer";
				COPY_PHASE_STRIP = NO;
				DEBUG_INFORMATION_FORMAT = "dwarf-with-dsym";
				ENABLE_NS_ASSERTIONS = NO;
				ENABLE_STRICT_OBJC_MSGSEND = YES;
				GCC_C_LANGUAGE_STANDARD = gnu11;
				GCC_NO_COMMON_BLOCKS = YES;
				GCC_WARN_64_TO_32_BIT_CONVERSION = YES;
				GCC_WARN_ABOUT_RETURN_TYPE = YES_ERROR;
				GCC_WARN_UNDECLARED_SELECTOR = YES;
				GCC_WARN_UNINITIALIZED_AUTOS = YES_AGGRESSIVE;
				GCC_WARN_UNUSED_FUNCTION = YES;
				GCC_WARN_UNUSED_VARIABLE = YES;
				IPHONEOS_DEPLOYMENT_TARGET = 11.0;
				MTL_ENABLE_DEBUG_INFO = NO;
				SDKROOT = iphoneos;
				SWIFT_COMPILATION_MODE = wholemodule;
				SWIFT_OPTIMIZATION_LEVEL = "-O";
				VALIDATE_PRODUCT = YES;
			};
			name = Release;
		};
		00850E6E211CF6B300A16FA4 /* Debug */ = {
			isa = XCBuildConfiguration;
			baseConfigurationReference = D902FBE2CAF9CA76B26C2B46 /* Pods-ios-mvp-pattern-example.debug.xcconfig */;
			buildSettings = {
				ASSETCATALOG_COMPILER_APPICON_NAME = AppIcon;
				CODE_SIGN_STYLE = Automatic;
				DEVELOPMENT_TEAM = KPHPLU45VB;
				INFOPLIST_FILE = "ios-mvp-pattern-example/Info.plist";
				IPHONEOS_DEPLOYMENT_TARGET = 11.0;
				LD_RUNPATH_SEARCH_PATHS = (
					"$(inherited)",
					"@executable_path/Frameworks",
				);
				PRODUCT_BUNDLE_IDENTIFIER = "com.pio.ios-mvp-pattern-example";
				PRODUCT_NAME = "$(TARGET_NAME)";
				SWIFT_VERSION = 4.0;
				TARGETED_DEVICE_FAMILY = "1,2";
			};
			name = Debug;
		};
		00850E6F211CF6B300A16FA4 /* Release */ = {
			isa = XCBuildConfiguration;
			baseConfigurationReference = 857FADF8DC565FDB762A5A81 /* Pods-ios-mvp-pattern-example.release.xcconfig */;
			buildSettings = {
				ASSETCATALOG_COMPILER_APPICON_NAME = AppIcon;
				CODE_SIGN_STYLE = Automatic;
				DEVELOPMENT_TEAM = KPHPLU45VB;
				INFOPLIST_FILE = "ios-mvp-pattern-example/Info.plist";
				IPHONEOS_DEPLOYMENT_TARGET = 11.0;
				LD_RUNPATH_SEARCH_PATHS = (
					"$(inherited)",
					"@executable_path/Frameworks",
				);
				PRODUCT_BUNDLE_IDENTIFIER = "com.pio.ios-mvp-pattern-example";
				PRODUCT_NAME = "$(TARGET_NAME)";
				SWIFT_VERSION = 4.0;
				TARGETED_DEVICE_FAMILY = "1,2";
			};
			name = Release;
		};
		00850E7B211CFA3500A16FA4 /* Debug */ = {
			isa = XCBuildConfiguration;
			baseConfigurationReference = 21DCCA5A87AAE2F0EE58757E /* Pods-ios-mvp-pattern-exampleTests.debug.xcconfig */;
			buildSettings = {
				BUNDLE_LOADER = "$(TEST_HOST)";
				CODE_SIGN_STYLE = Automatic;
				DEVELOPMENT_TEAM = KPHPLU45VB;
				INFOPLIST_FILE = "ios-mvp-pattern-exampleTests/Info.plist";
				LD_RUNPATH_SEARCH_PATHS = (
					"$(inherited)",
					"@executable_path/Frameworks",
					"@loader_path/Frameworks",
				);
				PRODUCT_BUNDLE_IDENTIFIER = "com.pio.ios-mvp-pattern-exampleTests";
				PRODUCT_NAME = "$(TARGET_NAME)";
				SWIFT_VERSION = 4.0;
				TARGETED_DEVICE_FAMILY = "1,2";
				TEST_HOST = "$(BUILT_PRODUCTS_DIR)/ios-mvp-pattern-example.app/ios-mvp-pattern-example";
			};
			name = Debug;
		};
		00850E7C211CFA3500A16FA4 /* Release */ = {
			isa = XCBuildConfiguration;
			baseConfigurationReference = ECD29619194534CBAE3A6366 /* Pods-ios-mvp-pattern-exampleTests.release.xcconfig */;
			buildSettings = {
				BUNDLE_LOADER = "$(TEST_HOST)";
				CODE_SIGN_STYLE = Automatic;
				DEVELOPMENT_TEAM = KPHPLU45VB;
				INFOPLIST_FILE = "ios-mvp-pattern-exampleTests/Info.plist";
				LD_RUNPATH_SEARCH_PATHS = (
					"$(inherited)",
					"@executable_path/Frameworks",
					"@loader_path/Frameworks",
				);
				PRODUCT_BUNDLE_IDENTIFIER = "com.pio.ios-mvp-pattern-exampleTests";
				PRODUCT_NAME = "$(TARGET_NAME)";
				SWIFT_VERSION = 4.0;
				TARGETED_DEVICE_FAMILY = "1,2";
				TEST_HOST = "$(BUILT_PRODUCTS_DIR)/ios-mvp-pattern-example.app/ios-mvp-pattern-example";
			};
			name = Release;
		};
/* End XCBuildConfiguration section */

/* Begin XCConfigurationList section */
		00850E56211CF6B200A16FA4 /* Build configuration list for PBXProject "ios-mvp-pattern-example" */ = {
			isa = XCConfigurationList;
			buildConfigurations = (
				00850E6B211CF6B300A16FA4 /* Debug */,
				00850E6C211CF6B300A16FA4 /* Release */,
			);
			defaultConfigurationIsVisible = 0;
			defaultConfigurationName = Release;
		};
		00850E6D211CF6B300A16FA4 /* Build configuration list for PBXNativeTarget "ios-mvp-pattern-example" */ = {
			isa = XCConfigurationList;
			buildConfigurations = (
				00850E6E211CF6B300A16FA4 /* Debug */,
				00850E6F211CF6B300A16FA4 /* Release */,
			);
			defaultConfigurationIsVisible = 0;
			defaultConfigurationName = Release;
		};
		00850E7D211CFA3500A16FA4 /* Build configuration list for PBXNativeTarget "ios-mvp-pattern-exampleTests" */ = {
			isa = XCConfigurationList;
			buildConfigurations = (
				00850E7B211CFA3500A16FA4 /* Debug */,
				00850E7C211CFA3500A16FA4 /* Release */,
			);
			defaultConfigurationIsVisible = 0;
			defaultConfigurationName = Release;
		};
/* End XCConfigurationList section */
	};
	rootObject = 00850E53211CF6B200A16FA4 /* Project object */;
}
